
Microsoft Visual Studio Solution File, Format Version 12.00
# Visual Studio Version 17
VisualStudioVersion = 17.7.34024.191
MinimumVisualStudioVersion = 10.0.40219.1
Project("{FAE04EC0-301F-11D3-BF4B-00C04F79EFBC}") = "ExRetangulo", "ExRetangulo\ExRetangulo.csproj", "{2734625A-5427-402D-838E-C0D5BD604B9A}"
EndProject
Global
	GlobalSection(SolutionConfigurationPlatforms) = preSolution
		Debug|Any CPU = Debug|Any CPU
		Release|Any CPU = Release|Any CPU
	EndGlobalSection
	GlobalSection(ProjectConfigurationPlatforms) = postSolution
		{2734625A-5427-402D-838E-C0D5BD604B9A}.Debug|Any CPU.ActiveCfg = Debug|Any CPU
		{2734625A-5427-402D-838E-C0D5BD604B9A}.Debug|Any CPU.Build.0 = Debug|Any CPU
		{2734625A-5427-402D-838E-C0D5BD604B9A}.Release|Any CPU.ActiveCfg = Release|Any CPU
		{2734625A-5427-402D-838E-C0D5BD604B9A}.Release|Any CPU.Build.0 = Release|Any CPU
	EndGlobalSection
	GlobalSection(SolutionProperties) = preSolution
		HideSolutionNode = FALSE
	EndGlobalSection
	GlobalSection(ExtensibilityGlobals) = postSolution
		SolutionGuid = {ED31BF69-AF70-4BB8-A03A-F640171FD773}
	EndGlobalSection
EndGlobal
